// !$*UTF8*$!
{
	archiveVersion = 1;
	classes = {
	};
	objectVersion = 46;
	objects = {

/* Begin PBXBuildFile section */
		8E201E8B1A51F2A00052B706 /* AppDelegate.swift in Sources */ = {isa = PBXBuildFile; fileRef = 8E201E8A1A51F2A00052B706 /* AppDelegate.swift */; };
		8E201E8D1A51F2A00052B706 /* ViewController.swift in Sources */ = {isa = PBXBuildFile; fileRef = 8E201E8C1A51F2A00052B706 /* ViewController.swift */; };
		8E201E901A51F2A00052B706 /* Main.storyboard in Resources */ = {isa = PBXBuildFile; fileRef = 8E201E8E1A51F2A00052B706 /* Main.storyboard */; };
		8E201E921A51F2A00052B706 /* Images.xcassets in Resources */ = {isa = PBXBuildFile; fileRef = 8E201E911A51F2A00052B706 /* Images.xcassets */; };
		8E201E951A51F2A00052B706 /* LaunchScreen.xib in Resources */ = {isa = PBXBuildFile; fileRef = 8E201E931A51F2A00052B706 /* LaunchScreen.xib */; };
		8E201EA11A51F2A10052B706 /* Project_1Tests.swift in Sources */ = {isa = PBXBuildFile; fileRef = 8E201EA01A51F2A10052B706 /* Project_1Tests.swift */; };
/* End PBXBuildFile section */

/* Begin PBXContainerItemProxy section */
		8E201E9B1A51F2A10052B706 /* PBXContainerItemProxy */ = {
			isa = PBXContainerItemProxy;
			containerPortal = 8E201E7D1A51F2A00052B706 /* Project object */;
			proxyType = 1;
			remoteGlobalIDString = 8E201E841A51F2A00052B706;
			remoteInfo = "Project 1";
		};
/* End PBXContainerItemProxy section */

/* Begin PBXFileReference section */
		8E201E851A51F2A00052B706 /* Project 1.app */ = {isa = PBXFileReference; explicitFileType = wrapper.application; includeInIndex = 0; path = "Project 1.app"; sourceTree = BUILT_PRODUCTS_DIR; };
		8E201E891A51F2A00052B706 /* Info.plist */ = {isa = PBXFileReference; lastKnownFileType = text.plist.xml; path = Info.plist; sourceTree = "<group>"; };
		8E201E8A1A51F2A00052B706 /* AppDelegate.swift */ = {isa = PBXFileReference; lastKnownFileType = sourcecode.swift; path = AppDelegate.swift; sourceTree = "<group>"; };
		8E201E8C1A51F2A00052B706 /* ViewController.swift */ = {isa = PBXFileReference; lastKnownFileType = sourcecode.swift; path = ViewController.swift; sourceTree = "<group>"; };
		8E201E8F1A51F2A00052B706 /* Base */ = {isa = PBXFileReference; lastKnownFileType = file.storyboard; name = Base; path = Base.lproj/Main.storyboard; sourceTree = "<group>"; };
		8E201E911A51F2A00052B706 /* Images.xcassets */ = {isa = PBXFileReference; lastKnownFileType = folder.assetcatalog; path = Images.xcassets; sourceTree = "<group>"; };
		8E201E941A51F2A00052B706 /* Base */ = {isa = PBXFileReference; lastKnownFileType = file.xib; name = Base; path = Base.lproj/LaunchScreen.xib; sourceTree = "<group>"; };
		8E201E9A1A51F2A10052B706 /* Project 1Tests.xctest */ = {isa = PBXFileReference; explicitFileType = wrapper.cfbundle; includeInIndex = 0; path = "Project 1Tests.xctest"; sourceTree = BUILT_PRODUCTS_DIR; };
		8E201E9F1A51F2A10052B706 /* Info.plist */ = {isa = PBXFileReference; lastKnownFileType = text.plist.xml; path = Info.plist; sourceTree = "<group>"; };
		8E201EA01A51F2A10052B706 /* Project_1Tests.swift */ = {isa = PBXFileReference; lastKnownFileType = sourcecode.swift; path = Project_1Tests.swift; sourceTree = "<group>"; };
/* End PBXFileReference section */

/* Begin PBXFrameworksBuildPhase section */
		8E201E821A51F2A00052B706 /* Frameworks */ = {
			isa = PBXFrameworksBuildPhase;
			buildActionMask = 2147483647;
			files = (
			);
			runOnlyForDeploymentPostprocessing = 0;
		};
		8E201E971A51F2A10052B706 /* Frameworks */ = {
			isa = PBXFrameworksBuildPhase;
			buildActionMask = 2147483647;
			files = (
			);
			runOnlyForDeploymentPostprocessing = 0;
		};
/* End PBXFrameworksBuildPhase section */

/* Begin PBXGroup section */
		8E201E7C1A51F2A00052B706 = {
			isa = PBXGroup;
			children = (
				8E201E871A51F2A00052B706 /* Project 1 */,
				8E201E9D1A51F2A10052B706 /* Project 1Tests */,
				8E201E861A51F2A00052B706 /* Products */,
			);
			sourceTree = "<group>";
		};
		8E201E861A51F2A00052B706 /* Products */ = {
			isa = PBXGroup;
			children = (
				8E201E851A51F2A00052B706 /* Project 1.app */,
				8E201E9A1A51F2A10052B706 /* Project 1Tests.xctest */,
			);
			name = Products;
			sourceTree = "<group>";
		};
		8E201E871A51F2A00052B706 /* Project 1 */ = {
			isa = PBXGroup;
			children = (
				8E201E8A1A51F2A00052B706 /* AppDelegate.swift */,
				8E201E8C1A51F2A00052B706 /* ViewController.swift */,
				8E201E8E1A51F2A00052B706 /* Main.storyboard */,
				8E201E911A51F2A00052B706 /* Images.xcassets */,
				8E201E931A51F2A00052B706 /* LaunchScreen.xib */,
				8E201E881A51F2A00052B706 /* Supporting Files */,
			);
			path = "Project 1";
			sourceTree = "<group>";
		};
		8E201E881A51F2A00052B706 /* Supporting Files */ = {
			isa = PBXGroup;
			children = (
				8E201E891A51F2A00052B706 /* Info.plist */,
			);
			name = "Supporting Files";
			sourceTree = "<group>";
		};
		8E201E9D1A51F2A10052B706 /* Project 1Tests */ = {
			isa = PBXGroup;
			children = (
				8E201EA01A51F2A10052B706 /* Project_1Tests.swift */,
				8E201E9E1A51F2A10052B706 /* Supporting Files */,
			);
			path = "Project 1Tests";
			sourceTree = "<group>";
		};
		8E201E9E1A51F2A10052B706 /* Supporting Files */ = {
			isa = PBXGroup;
			children = (
				8E201E9F1A51F2A10052B706 /* Info.plist */,
			);
			name = "Supporting Files";
			sourceTree = "<group>";
		};
/* End PBXGroup section */

/* Begin PBXNativeTarget section */
		8E201E841A51F2A00052B706 /* Project 1 */ = {
			isa = PBXNativeTarget;
			buildConfigurationList = 8E201EA41A51F2A10052B706 /* Build configuration list for PBXNativeTarget "Project 1" */;
			buildPhases = (
				8E201E811A51F2A00052B706 /* Sources */,
				8E201E821A51F2A00052B706 /* Frameworks */,
				8E201E831A51F2A00052B706 /* Resources */,
			);
			buildRules = (
			);
			dependencies = (
			);
			name = "Project 1";
			productName = "Project 1";
			productReference = 8E201E851A51F2A00052B706 /* Project 1.app */;
			productType = "com.apple.product-type.application";
		};
		8E201E991A51F2A10052B706 /* Project 1Tests */ = {
			isa = PBXNativeTarget;
			buildConfigurationList = 8E201EA71A51F2A10052B706 /* Build configuration list for PBXNativeTarget "Project 1Tests" */;
			buildPhases = (
				8E201E961A51F2A10052B706 /* Sources */,
				8E201E971A51F2A10052B706 /* Frameworks */,
				8E201E981A51F2A10052B706 /* Resources */,
			);
			buildRules = (
			);
			dependencies = (
				8E201E9C1A51F2A10052B706 /* PBXTargetDependency */,
			);
			name = "Project 1Tests";
			productName = "Project 1Tests";
			productReference = 8E201E9A1A51F2A10052B706 /* Project 1Tests.xctest */;
			productType = "com.apple.product-type.bundle.unit-test";
		};
/* End PBXNativeTarget section */

/* Begin PBXProject section */
		8E201E7D1A51F2A00052B706 /* Project object */ = {
			isa = PBXProject;
			attributes = {
				LastUpgradeCheck = 0610;
				ORGANIZATIONNAME = "Manav Kapoor";
				TargetAttributes = {
					8E201E841A51F2A00052B706 = {
						CreatedOnToolsVersion = 6.1.1;
					};
					8E201E991A51F2A10052B706 = {
						CreatedOnToolsVersion = 6.1.1;
						TestTargetID = 8E201E841A51F2A00052B706;
					};
				};
			};
			buildConfigurationList = 8E201E801A51F2A00052B706 /* Build configuration list for PBXProject "Project 1" */;
			compatibilityVersion = "Xcode 3.2";
			developmentRegion = English;
			hasScannedForEncodings = 0;
			knownRegions = (
				en,
				Base,
			);
			mainGroup = 8E201E7C1A51F2A00052B706;
			productRefGroup = 8E201E861A51F2A00052B706 /* Products */;
			projectDirPath = "";
			projectRoot = "";
			targets = (
				8E201E841A51F2A00052B706 /* Project 1 */,
				8E201E991A51F2A10052B706 /* Project 1Tests */,
			);
		};
/* End PBXProject section */

/* Begin PBXResourcesBuildPhase section */
		8E201E831A51F2A00052B706 /* Resources */ = {
			isa = PBXResourcesBuildPhase;
			buildActionMask = 2147483647;
			files = (
				8E201E901A51F2A00052B706 /* Main.storyboard in Resources */,
				8E201E951A51F2A00052B706 /* LaunchScreen.xib in Resources */,
				8E201E921A51F2A00052B706 /* Images.xcassets in Resources */,
			);
			runOnlyForDeploymentPostprocessing = 0;
		};
		8E201E981A51F2A10052B706 /* Resources */ = {
			isa = PBXResourcesBuildPhase;
			buildActionMask = 2147483647;
			files = (
			);
			runOnlyForDeploymentPostprocessing = 0;
		};
/* End PBXResourcesBuildPhase section */

/* Begin PBXSourcesBuildPhase section */
		8E201E811A51F2A00052B706 /* Sources */ = {
			isa = PBXSourcesBuildPhase;
			buildActionMask = 2147483647;
			files = (
				8E201E8D1A51F2A00052B706 /* ViewController.swift in Sources */,
				8E201E8B1A51F2A00052B706 /* AppDelegate.swift in Sources */,
			);
			runOnlyForDeploymentPostprocessing = 0;
		};
		8E201E961A51F2A10052B706 /* Sources */ = {
			isa = PBXSourcesBuildPhase;
			buildActionMask = 2147483647;
			files = (
				8E201EA11A51F2A10052B706 /* Project_1Tests.swift in Sources */,
			);
			runOnlyForDeploymentPostprocessing = 0;
		};
/* End PBXSourcesBuildPhase section */

/* Begin PBXTargetDependency section */
		8E201E9C1A51F2A10052B706 /* PBXTargetDependency */ = {
			isa = PBXTargetDependency;
			target = 8E201E841A51F2A00052B706 /* Project 1 */;
			targetProxy = 8E201E9B1A51F2A10052B706 /* PBXContainerItemProxy */;
		};
/* End PBXTargetDependency section */

/* Begin PBXVariantGroup section */
		8E201E8E1A51F2A00052B706 /* Main.storyboard */ = {
			isa = PBXVariantGroup;
			children = (
				8E201E8F1A51F2A00052B706 /* Base */,
			);
			name = Main.storyboard;
			sourceTree = "<group>";
		};
		8E201E931A51F2A00052B706 /* LaunchScreen.xib */ = {
			isa = PBXVariantGroup;
			children = (
				8E201E941A51F2A00052B706 /* Base */,
			);
			name = LaunchScreen.xib;
			sourceTree = "<group>";
		};
/* End PBXVariantGroup section */

/* Begin XCBuildConfiguration section */
		8E201EA21A51F2A10052B706 /* Debug */ = {
			isa = XCBuildConfiguration;
			buildSettings = {
				ALWAYS_SEARCH_USER_PATHS = NO;
				CLANG_CXX_LANGUAGE_STANDARD = "gnu++0x";
				CLANG_CXX_LIBRARY = "libc++";
				CLANG_ENABLE_MODULES = YES;
				CLANG_ENABLE_OBJC_ARC = YES;
				CLANG_WARN_BOOL_CONVERSION = YES;
				CLANG_WARN_CONSTANT_CONVERSION = YES;
				CLANG_WARN_DIRECT_OBJC_ISA_USAGE = YES_ERROR;
				CLANG_WARN_EMPTY_BODY = YES;
				CLANG_WARN_ENUM_CONVERSION = YES;
				CLANG_WARN_INT_CONVERSION = YES;
				CLANG_WARN_OBJC_ROOT_CLASS = YES_ERROR;
				CLANG_WARN_UNREACHABLE_CODE = YES;
				CLANG_WARN__DUPLICATE_METHOD_MATCH = YES;
				"CODE_SIGN_IDENTITY[sdk=iphoneos*]" = "iPhone Developer";
				COPY_PHASE_STRIP = NO;
				ENABLE_STRICT_OBJC_MSGSEND = YES;
				GCC_C_LANGUAGE_STANDARD = gnu99;
				GCC_DYNAMIC_NO_PIC = NO;
				GCC_OPTIMIZATION_LEVEL = 0;
				GCC_PREPROCESSOR_DEFINITIONS = (
					"DEBUG=1",
					"$(inherited)",
				);
				GCC_SYMBOLS_PRIVATE_EXTERN = NO;
				GCC_WARN_64_TO_32_BIT_CONVERSION = YES;
				GCC_WARN_ABOUT_RETURN_TYPE = YES_ERROR;
				GCC_WARN_UNDECLARED_SELECTOR = YES;
				GCC_WARN_UNINITIALIZED_AUTOS = YES_AGGRESSIVE;
				GCC_WARN_UNUSED_FUNCTION = YES;
				GCC_WARN_UNUSED_VARIABLE = YES;
				IPHONEOS_DEPLOYMENT_TARGET = 8.1;
				MTL_ENABLE_DEBUG_INFO = YES;
				ONLY_ACTIVE_ARCH = YES;
				SDKROOT = iphoneos;
				SWIFT_OPTIMIZATION_LEVEL = "-Onone";
			};
			name = Debug;
		};
		8E201EA31A51F2A10052B706 /* Release */ = {
			isa = XCBuildConfiguration;
			buildSettings = {
				ALWAYS_SEARCH_USER_PATHS = NO;
				CLANG_CXX_LANGUAGE_STANDARD = "gnu++0x";
				CLANG_CXX_LIBRARY = "libc++";
				CLANG_ENABLE_MODULES = YES;
				CLANG_ENABLE_OBJC_ARC = YES;
				CLANG_WARN_BOOL_CONVERSION = YES;
				CLANG_WARN_CONSTANT_CONVERSION = YES;
				CLANG_WARN_DIRECT_OBJC_ISA_USAGE = YES_ERROR;
				CLANG_WARN_EMPTY_BODY = YES;
				CLANG_WARN_ENUM_CONVERSION = YES;
				CLANG_WARN_INT_CONVERSION = YES;
				CLANG_WARN_OBJC_ROOT_CLASS = YES_ERROR;
				CLANG_WARN_UNREACHABLE_CODE = YES;
				CLANG_WARN__DUPLICATE_METHOD_MATCH = YES;
				"CODE_SIGN_IDENTITY[sdk=iphoneos*]" = "iPhone Developer";
				COPY_PHASE_STRIP = YES;
				ENABLE_NS_ASSERTIONS = NO;
				ENABLE_STRICT_OBJC_MSGSEND = YES;
				GCC_C_LANGUAGE_STANDARD = gnu99;
				GCC_WARN_64_TO_32_BIT_CONVERSION = YES;
				GCC_WARN_ABOUT_RETURN_TYPE = YES_ERROR;
				GCC_WARN_UNDECLARED_SELECTOR = YES;
				GCC_WARN_UNINITIALIZED_AUTOS = YES_AGGRESSIVE;
				GCC_WARN_UNUSED_FUNCTION = YES;
				GCC_WARN_UNUSED_VARIABLE = YES;
				IPHONEOS_DEPLOYMENT_TARGET = 8.1;
				MTL_ENABLE_DEBUG_INFO = NO;
				SDKROOT = iphoneos;
				VALIDATE_PRODUCT = YES;
			};
			name = Release;
		};
		8E201EA51A51F2A10052B706 /* Debug */ = {
			isa = XCBuildConfiguration;
			buildSettings = {
				ASSETCATALOG_COMPILER_APPICON_NAME = AppIcon;
				INFOPLIST_FILE = "Project 1/Info.plist";
				LD_RUNPATH_SEARCH_PATHS = "$(inherited) @executable_path/Frameworks";
				PRODUCT_NAME = "$(TARGET_NAME)";
			};
			name = Debug;
		};
		8E201EA61A51F2A10052B706 /* Release */ = {
			isa = XCBuildConfiguration;
			buildSettings = {
				ASSETCATALOG_COMPILER_APPICON_NAME = AppIcon;
				INFOPLIST_FILE = "Project 1/Info.plist";
				LD_RUNPATH_SEARCH_PATHS = "$(inherited) @executable_path/Frameworks";
				PRODUCT_NAME = "$(TARGET_NAME)";
			};
			name = Release;
		};
		8E201EA81A51F2A10052B706 /* Debug */ = {
			isa = XCBuildConfiguration;
			buildSettings = {
				BUNDLE_LOADER = "$(TEST_HOST)";
				FRAMEWORK_SEARCH_PATHS = (
					"$(SDKROOT)/Developer/Library/Frameworks",
					"$(inherited)",
				);
				GCC_PREPROCESSOR_DEFINITIONS = (
					"DEBUG=1",
					"$(inherited)",
				);
				INFOPLIST_FILE = "Project 1Tests/Info.plist";
				LD_RUNPATH_SEARCH_PATHS = "$(inherited) @executable_path/Frameworks @loader_path/Frameworks";
				PRODUCT_NAME = "$(TARGET_NAME)";
				TEST_HOST = "$(BUILT_PRODUCTS_DIR)/Project 1.app/Project 1";
			};
			name = Debug;
		};
		8E201EA91A51F2A10052B706 /* Release */ = {
			isa = XCBuildConfiguration;
			buildSettings = {
				BUNDLE_LOADER = "$(TEST_HOST)";
				FRAMEWORK_SEARCH_PATHS = (
					"$(SDKROOT)/Developer/Library/Frameworks",
					"$(inherited)",
				);
				INFOPLIST_FILE = "Project 1Tests/Info.plist";
				LD_RUNPATH_SEARCH_PATHS = "$(inherited) @executable_path/Frameworks @loader_path/Frameworks";
				PRODUCT_NAME = "$(TARGET_NAME)";
				TEST_HOST = "$(BUILT_PRODUCTS_DIR)/Project 1.app/Project 1";
			};
			name = Release;
		};
/* End XCBuildConfiguration section */

/* Begin XCConfigurationList section */
		8E201E801A51F2A00052B706 /* Build configuration list for PBXProject "Project 1" */ = {
			isa = XCConfigurationList;
			buildConfigurations = (
				8E201EA21A51F2A10052B706 /* Debug */,
				8E201EA31A51F2A10052B706 /* Release */,
			);
			defaultConfigurationIsVisible = 0;
			defaultConfigurationName = Release;
		};
		8E201EA41A51F2A10052B706 /* Build configuration list for PBXNativeTarget "Project 1" */ = {
			isa = XCConfigurationList;
			buildConfigurations = (
				8E201EA51A51F2A10052B706 /* Debug */,
				8E201EA61A51F2A10052B706 /* Release */,
			);
			defaultConfigurationIsVisible = 0;
		};
		8E201EA71A51F2A10052B706 /* Build configuration list for PBXNativeTarget "Project 1Tests" */ = {
			isa = XCConfigurationList;
			buildConfigurations = (
				8E201EA81A51F2A10052B706 /* Debug */,
				8E201EA91A51F2A10052B706 /* Release */,
			);
			defaultConfigurationIsVisible = 0;
		};
/* End XCConfigurationList section */
	};
	rootObject = 8E201E7D1A51F2A00052B706 /* Project object */;
}
